
Microsoft Visual Studio Solution File, Format Version 12.00
# Visual Studio Version 16
VisualStudioVersion = 16.0.29613.14
MinimumVisualStudioVersion = 10.0.40219.1
Project("{FAE04EC0-301F-11D3-BF4B-00C04F79EFBC}") = "Shobu3", "Shobu3\Shobu3.csproj", "{9F745C90-D29E-499A-A462-1C4EEA71C7C6}"
EndProject
Global
	GlobalSection(SolutionConfigurationPlatforms) = preSolution
		Debug|Any CPU = Debug|Any CPU
		Release|Any CPU = Release|Any CPU
	EndGlobalSection
	GlobalSection(ProjectConfigurationPlatforms) = postSolution
		{9F745C90-D29E-499A-A462-1C4EEA71C7C6}.Debug|Any CPU.ActiveCfg = Debug|Any CPU
		{9F745C90-D29E-499A-A462-1C4EEA71C7C6}.Debug|Any CPU.Build.0 = Debug|Any CPU
		{9F745C90-D29E-499A-A462-1C4EEA71C7C6}.Release|Any CPU.ActiveCfg = Release|Any CPU
		{9F745C90-D29E-499A-A462-1C4EEA71C7C6}.Release|Any CPU.Build.0 = Release|Any CPU
	EndGlobalSection
	GlobalSection(SolutionProperties) = preSolution
		HideSolutionNode = FALSE
	EndGlobalSection
	GlobalSection(ExtensibilityGlobals) = postSolution
		SolutionGuid = {B4E58EC1-E1F2-4359-BF67-1375CA9BF41D}
	EndGlobalSection
EndGlobal
